
Microsoft Visual Studio Solution File, Format Version 12.00
# Visual Studio 2017
Project("{FAE04EC0-301F-11D3-BF4B-00C04F79EFBC}") = "Pokemon-XXXnap", "Pokemon-XXXnap.csproj", "{13E94346-0287-10CC-AF2C-6C0083472D23}"
EndProject
Project("{FAE04EC0-301F-11D3-BF4B-00C04F79EFBC}") = "Pokemon-XXXnap.Plugins", "Pokemon-XXXnap.Plugins.csproj", "{967ECADD-6674-FDFA-BEDA-529DC8D10343}"
EndProject
Project("{FAE04EC0-301F-11D3-BF4B-00C04F79EFBC}") = "Pokemon-XXXnap.Editor.Plugins", "Pokemon-XXXnap.Editor.Plugins.csproj", "{B48D0CC9-749B-BB76-D869-A386A2CF149B}"
EndProject
Global
	GlobalSection(SolutionConfigurationPlatforms) = preSolution
		Debug|Any CPU = Debug|Any CPU
		Release|Any CPU = Release|Any CPU
	EndGlobalSection
	GlobalSection(ProjectConfigurationPlatforms) = postSolution
		{13E94346-0287-10CC-AF2C-6C0083472D23}.Debug|Any CPU.ActiveCfg = Debug|Any CPU
		{13E94346-0287-10CC-AF2C-6C0083472D23}.Debug|Any CPU.Build.0 = Debug|Any CPU
		{13E94346-0287-10CC-AF2C-6C0083472D23}.Release|Any CPU.ActiveCfg = Release|Any CPU
		{13E94346-0287-10CC-AF2C-6C0083472D23}.Release|Any CPU.Build.0 = Release|Any CPU
		{967ECADD-6674-FDFA-BEDA-529DC8D10343}.Debug|Any CPU.ActiveCfg = Debug|Any CPU
		{967ECADD-6674-FDFA-BEDA-529DC8D10343}.Debug|Any CPU.Build.0 = Debug|Any CPU
		{967ECADD-6674-FDFA-BEDA-529DC8D10343}.Release|Any CPU.ActiveCfg = Release|Any CPU
		{967ECADD-6674-FDFA-BEDA-529DC8D10343}.Release|Any CPU.Build.0 = Release|Any CPU
		{B48D0CC9-749B-BB76-D869-A386A2CF149B}.Debug|Any CPU.ActiveCfg = Debug|Any CPU
		{B48D0CC9-749B-BB76-D869-A386A2CF149B}.Debug|Any CPU.Build.0 = Debug|Any CPU
		{B48D0CC9-749B-BB76-D869-A386A2CF149B}.Release|Any CPU.ActiveCfg = Release|Any CPU
		{B48D0CC9-749B-BB76-D869-A386A2CF149B}.Release|Any CPU.Build.0 = Release|Any CPU
	EndGlobalSection
	GlobalSection(SolutionProperties) = preSolution
		HideSolutionNode = FALSE
	EndGlobalSection
EndGlobal
